# THIS IS AN AUTOGENERATED FILE. DO NOT EDIT THIS FILE DIRECTLY.
# yarn lockfile v1


"@fontsource/open-sans@^5.0.2":
  version "5.0.8"
  resolved "https://registry.yarnpkg.com/@fontsource/open-sans/-/open-sans-5.0.8.tgz#d2a38bec673e1c5f8115fa8066aa93117d12225d"
  integrity sha512-d3Shc6QHoZMzZIL6m4M/geyK0EXHqLvUm9fmlkr1L/AEWgIasoLEBMKEdMczV2e66SHYAYKagIsBwfWnVhmPGQ==

"@fortawesome/fontawesome-free@^6.4.0":
  version "6.4.2"
  resolved "https://registry.yarnpkg.com/@fortawesome/fontawesome-free/-/fontawesome-free-6.4.2.tgz#36b6a9cb5ffbecdf89815c94d0c0ffa489ac5ecb"
  integrity sha512-m5cPn3e2+FDCOgi1mz0RexTUvvQibBebOUlUlW0+YrMjDTPkiJ6VTKukA1GRsvRw+12KyJndNjj0O4AgTxm2Pg==

bootbox@^6.0.0:
  version "6.0.0"
  resolved "https://registry.yarnpkg.com/bootbox/-/bootbox-6.0.0.tgz#a5f1074faab38b881e79e009ea4d625c7e8c536d"
  integrity sha512-+Calbj1v5UvxAXXDAHfoBlsx63Hcz1JqHaZdJ5EjIcOlkyAbZLCreVScx0Em6ZUvsMCqynuz/3nGDyd9FtFrNQ==

bootstrap@^5.2.3:
  version "5.3.1"
  resolved "https://registry.yarnpkg.com/bootstrap/-/bootstrap-5.3.1.tgz#8ca07040ad15d7f75891d1504cf14c5dedfb1cfe"
  integrity sha512-jzwza3Yagduci2x0rr9MeFSORjcHpt0lRZukZPZQJT1Dth5qzV7XcgGqYzi39KGAVYR8QEDVoO0ubFKOxzMG+g==

gettext-translator@^3.0.1:
  version "3.0.1"
  resolved "https://registry.yarnpkg.com/gettext-translator/-/gettext-translator-3.0.1.tgz#6e315a24f2baea56f86a215abb5be0ff2e641baa"
  integrity sha512-rqCbHfglrIL/Siinsylwc2eAbgrSPvGL5Dofo3WPoCQkxljoafDzw0n91TuTGmaYPkrp8S1fIDxOmX5fkpsNeQ==

jquery@^3.6.4:
  version "3.7.0"
  resolved "https://registry.yarnpkg.com/jquery/-/jquery-3.7.0.tgz#fe2c01a05da500709006d8790fe21c8a39d75612"
  integrity sha512-umpJ0/k8X0MvD1ds0P9SfowREz2LenHsQaxSohMZ5OMNEU2r0tf8pdeEFTHMFxWVxKNyU9rTtK3CWzUCTKJUeQ==

moment@^2.29.4:
  version "2.29.4"
  resolved "https://registry.yarnpkg.com/moment/-/moment-2.29.4.tgz#3dbe052889fe7c1b2ed966fcb3a77328964ef108"
  integrity sha512-5LC9SOxjSc2HF6vO2CyuTDNivEdoz2IvyJJGj6X8DJ0eFyfszE0QiEd+iXmBvUP3WHxSjFH/vIsA0EN00cgr8w==

sprintf-js@^1.1.2:
  version "1.1.2"
  resolved "https://registry.yarnpkg.com/sprintf-js/-/sprintf-js-1.1.2.tgz#da1765262bf8c0f571749f2ad6c26300207ae673"
  integrity sha512-VE0SOVEHCk7Qc8ulkWw3ntAzXuqf7S2lvwQaDLRnUeIEaKNQJzV6BwmLKhOqT61aGhfUMrXeaBk+oDGCzvhcug==
