# THIS IS AN AUTOGENERATED FILE. DO NOT EDIT THIS FILE DIRECTLY.
# yarn lockfile v1


"@fontsource/noto-sans@^4.5.11":
  version "4.5.11"
  resolved "https://registry.yarnpkg.com/@fontsource/noto-sans/-/noto-sans-4.5.11.tgz#9074486d876577f3688f884c7ad6196d6dbea27e"
  integrity sha512-lBX7FCjIjSrQ+iMuXUuO+mbjbnUsJyZANg/04PgkeeAYe+cwnX81ibbgrAk1F56M6/btIrWQoDjxsK6Sz8KoVQ==

"@fortawesome/fontawesome-free@^6.4.0":
  version "6.4.0"
  resolved "https://registry.yarnpkg.com/@fortawesome/fontawesome-free/-/fontawesome-free-6.4.0.tgz#1ee0c174e472c84b23cb46c995154dc383e3b4fe"
  integrity sha512-0NyytTlPJwB/BF5LtRV8rrABDbe3TdTXqNB3PdZ+UUUZAEIrdOJdmABqKjt4AXwIoJNaRVVZEXxpNrqvE1GAYQ==

bootbox@^6.0.0:
  version "6.0.0"
  resolved "https://registry.yarnpkg.com/bootbox/-/bootbox-6.0.0.tgz#a5f1074faab38b881e79e009ea4d625c7e8c536d"
  integrity sha512-+Calbj1v5UvxAXXDAHfoBlsx63Hcz1JqHaZdJ5EjIcOlkyAbZLCreVScx0Em6ZUvsMCqynuz/3nGDyd9FtFrNQ==

bootstrap@^5.2.3:
  version "5.2.3"
  resolved "https://registry.yarnpkg.com/bootstrap/-/bootstrap-5.2.3.tgz#54739f4414de121b9785c5da3c87b37ff008322b"
  integrity sha512-cEKPM+fwb3cT8NzQZYEu4HilJ3anCrWqh3CHAok1p9jXqMPsPTBhU25fBckEJHJ/p+tTxTFTsFQGM+gaHpi3QQ==

gettext-translator@^3.0.1:
  version "3.0.1"
  resolved "https://registry.yarnpkg.com/gettext-translator/-/gettext-translator-3.0.1.tgz#6e315a24f2baea56f86a215abb5be0ff2e641baa"
  integrity sha512-rqCbHfglrIL/Siinsylwc2eAbgrSPvGL5Dofo3WPoCQkxljoafDzw0n91TuTGmaYPkrp8S1fIDxOmX5fkpsNeQ==

jquery@^3.6.4:
  version "3.6.4"
  resolved "https://registry.yarnpkg.com/jquery/-/jquery-3.6.4.tgz#ba065c188142100be4833699852bf7c24dc0252f"
  integrity sha512-v28EW9DWDFpzcD9O5iyJXg3R3+q+mET5JhnjJzQUZMHOv67bpSIHq81GEYpPNZHG+XXHsfSme3nxp/hndKEcsQ==

moment@^2.29.4:
  version "2.29.4"
  resolved "https://registry.yarnpkg.com/moment/-/moment-2.29.4.tgz#3dbe052889fe7c1b2ed966fcb3a77328964ef108"
  integrity sha512-5LC9SOxjSc2HF6vO2CyuTDNivEdoz2IvyJJGj6X8DJ0eFyfszE0QiEd+iXmBvUP3WHxSjFH/vIsA0EN00cgr8w==
