# THIS IS AN AUTOGENERATED FILE. DO NOT EDIT THIS FILE DIRECTLY.
# yarn lockfile v1


"@fontsource/open-sans@^5.0.2":
  version "5.0.18"
  resolved "https://registry.yarnpkg.com/@fontsource/open-sans/-/open-sans-5.0.18.tgz#215008af81249849661ec16e9b6e972383d4ff97"
  integrity sha512-DnqTxjqEQM+Ei3FbgJV0GmL5uGCAJnLtLuQj06mjVBcszobrkPbOHmLtnTBlhW3DmejuO1LgJCM7ki96mQIG9Q==

"@fortawesome/fontawesome-free@^6.4.0":
  version "6.5.1"
  resolved "https://registry.yarnpkg.com/@fortawesome/fontawesome-free/-/fontawesome-free-6.5.1.tgz#55cc8410abf1003b726324661ce5b0d1c10de258"
  integrity sha512-CNy5vSwN3fsUStPRLX7fUYojyuzoEMSXPl7zSLJ8TgtRfjv24LOnOWKT2zYwaHZCJGkdyRnTmstR0P+Ah503Gw==

bootbox@^6.0.0:
  version "6.0.0"
  resolved "https://registry.yarnpkg.com/bootbox/-/bootbox-6.0.0.tgz#a5f1074faab38b881e79e009ea4d625c7e8c536d"
  integrity sha512-+Calbj1v5UvxAXXDAHfoBlsx63Hcz1JqHaZdJ5EjIcOlkyAbZLCreVScx0Em6ZUvsMCqynuz/3nGDyd9FtFrNQ==

bootstrap@^5.2.3:
  version "5.3.2"
  resolved "https://registry.yarnpkg.com/bootstrap/-/bootstrap-5.3.2.tgz#97226583f27aae93b2b28ab23f4c114757ff16ae"
  integrity sha512-D32nmNWiQHo94BKHLmOrdjlL05q1c8oxbtBphQFb9Z5to6eGRDCm0QgeaZ4zFBHzfg2++rqa2JkqCcxDy0sH0g==

gettext-translator@^3.0.1:
  version "3.0.1"
  resolved "https://registry.yarnpkg.com/gettext-translator/-/gettext-translator-3.0.1.tgz#6e315a24f2baea56f86a215abb5be0ff2e641baa"
  integrity sha512-rqCbHfglrIL/Siinsylwc2eAbgrSPvGL5Dofo3WPoCQkxljoafDzw0n91TuTGmaYPkrp8S1fIDxOmX5fkpsNeQ==

jquery@^3.6.4:
  version "3.7.1"
  resolved "https://registry.yarnpkg.com/jquery/-/jquery-3.7.1.tgz#083ef98927c9a6a74d05a6af02806566d16274de"
  integrity sha512-m4avr8yL8kmFN8psrbFFFmB/If14iN5o9nw/NgnnM+kybDJpRsAynV2BsfpTYrTRysYUdADVD7CkUUizgkpLfg==

moment@^2.29.4:
  version "2.29.4"
  resolved "https://registry.yarnpkg.com/moment/-/moment-2.29.4.tgz#3dbe052889fe7c1b2ed966fcb3a77328964ef108"
  integrity sha512-5LC9SOxjSc2HF6vO2CyuTDNivEdoz2IvyJJGj6X8DJ0eFyfszE0QiEd+iXmBvUP3WHxSjFH/vIsA0EN00cgr8w==

sprintf-js@^1.1.2:
  version "1.1.3"
  resolved "https://registry.yarnpkg.com/sprintf-js/-/sprintf-js-1.1.3.tgz#4914b903a2f8b685d17fdf78a70e917e872e444a"
  integrity sha512-Oo+0REFV59/rz3gfJNKQiBlwfHaSESl1pcGyABQsnnIfWOFt6JNj5gCog2U6MLZ//IGYD+nA8nI+mTShREReaA==
